
Microsoft Visual Studio Solution File, Format Version 12.00
# Visual Studio Version 17
VisualStudioVersion = 17.4.33205.214
MinimumVisualStudioVersion = 10.0.40219.1
Project("{FAE04EC0-301F-11D3-BF4B-00C04F79EFBC}") = "BankReconciliation", "BankReconciliation\BankReconciliation.csproj", "{7CFABEAA-4DA8-45E7-B5FF-C484C5DD6F5C}"
EndProject
Project("{FAE04EC0-301F-11D3-BF4B-00C04F79EFBC}") = "Collection", "Collection\Collection.csproj", "{AD2F221A-A974-4C5E-A7C3-AEFF1BDC34AC}"
EndProject
Project("{FAE04EC0-301F-11D3-BF4B-00C04F79EFBC}") = "Collections", "Collections\Collections.csproj", "{5B496C5E-2C93-4931-B8A0-68A16E9DB6A8}"
EndProject
Project("{FAE04EC0-301F-11D3-BF4B-00C04F79EFBC}") = "TaxSmartSuite", "TaxSmartSuite\TaxSmartSuite.csproj", "{C1AC8F90-27FC-421F-BB86-C92112A069E9}"
EndProject
Project("{FAE04EC0-301F-11D3-BF4B-00C04F79EFBC}") = "BankStatementExcel", "BankStatementExcel\BankStatementExcel.csproj", "{FB3E3111-6381-47EA-96B6-8A9C3FED3D04}"
EndProject
Project("{FAE04EC0-301F-11D3-BF4B-00C04F79EFBC}") = "AnnualReturns", "AnnualReturns\AnnualReturns.csproj", "{AFE6602E-B665-49FB-8A5E-E363D11E58A2}"
EndProject
Project("{FAE04EC0-301F-11D3-BF4B-00C04F79EFBC}") = "TaxSmartUtility", "TaxSmartUtility\TaxSmartUtility.csproj", "{6113E008-0CD7-4E4F-82C0-8DE041FF3359}"
EndProject
Project("{54435603-DBB4-11D2-8724-00A0C9A8B90C}") = "Bank Rec", "Bank Rec\Bank Rec.vdproj", "{FB5992B8-6692-415D-8D0E-DE321C15F6A1}"
EndProject
Project("{54435603-DBB4-11D2-8724-00A0C9A8B90C}") = "CollctionsSetup", "CollctionsSetup\CollctionsSetup.vdproj", "{B5CD12C0-2994-4F52-9CD0-C1C0635117F0}"
EndProject
Project("{54435603-DBB4-11D2-8724-00A0C9A8B90C}") = "CollectionReceipt", "CollectionReceipt\CollectionReceipt.vdproj", "{64201DEC-3E19-4A7E-9980-0127EBAFD8CE}"
EndProject
Project("{54435603-DBB4-11D2-8724-00A0C9A8B90C}") = "SetupCollections", "SetupCollections\SetupCollections.vdproj", "{D5B262D5-56B7-4F21-8D59-1C4633170301}"
EndProject
Global
	GlobalSection(SolutionConfigurationPlatforms) = preSolution
		CD_ROM|Any CPU = CD_ROM|Any CPU
		CD_ROM|Mixed Platforms = CD_ROM|Mixed Platforms
		CD_ROM|x64 = CD_ROM|x64
		CD_ROM|x86 = CD_ROM|x86
		Debug|Any CPU = Debug|Any CPU
		Debug|Mixed Platforms = Debug|Mixed Platforms
		Debug|x64 = Debug|x64
		Debug|x86 = Debug|x86
		DVD-5|Any CPU = DVD-5|Any CPU
		DVD-5|Mixed Platforms = DVD-5|Mixed Platforms
		DVD-5|x64 = DVD-5|x64
		DVD-5|x86 = DVD-5|x86
		Release|Any CPU = Release|Any CPU
		Release|Mixed Platforms = Release|Mixed Platforms
		Release|x64 = Release|x64
		Release|x86 = Release|x86
		SingleImage|Any CPU = SingleImage|Any CPU
		SingleImage|Mixed Platforms = SingleImage|Mixed Platforms
		SingleImage|x64 = SingleImage|x64
		SingleImage|x86 = SingleImage|x86
	EndGlobalSection
	GlobalSection(ProjectConfigurationPlatforms) = postSolution
		{7CFABEAA-4DA8-45E7-B5FF-C484C5DD6F5C}.CD_ROM|Any CPU.ActiveCfg = Release|Any CPU
		{7CFABEAA-4DA8-45E7-B5FF-C484C5DD6F5C}.CD_ROM|Any CPU.Build.0 = Release|Any CPU
		{7CFABEAA-4DA8-45E7-B5FF-C484C5DD6F5C}.CD_ROM|Mixed Platforms.ActiveCfg = Release|x86
		{7CFABEAA-4DA8-45E7-B5FF-C484C5DD6F5C}.CD_ROM|Mixed Platforms.Build.0 = Release|x86
		{7CFABEAA-4DA8-45E7-B5FF-C484C5DD6F5C}.CD_ROM|x64.ActiveCfg = Release|Any CPU
		{7CFABEAA-4DA8-45E7-B5FF-C484C5DD6F5C}.CD_ROM|x86.ActiveCfg = Release|x86
		{7CFABEAA-4DA8-45E7-B5FF-C484C5DD6F5C}.CD_ROM|x86.Build.0 = Release|x86
		{7CFABEAA-4DA8-45E7-B5FF-C484C5DD6F5C}.Debug|Any CPU.ActiveCfg = Debug|Any CPU
		{7CFABEAA-4DA8-45E7-B5FF-C484C5DD6F5C}.Debug|Any CPU.Build.0 = Debug|Any CPU
		{7CFABEAA-4DA8-45E7-B5FF-C484C5DD6F5C}.Debug|Mixed Platforms.ActiveCfg = Debug|x86
		{7CFABEAA-4DA8-45E7-B5FF-C484C5DD6F5C}.Debug|Mixed Platforms.Build.0 = Debug|x86
		{7CFABEAA-4DA8-45E7-B5FF-C484C5DD6F5C}.Debug|x64.ActiveCfg = Debug|x86
		{7CFABEAA-4DA8-45E7-B5FF-C484C5DD6F5C}.Debug|x86.ActiveCfg = Debug|x86
		{7CFABEAA-4DA8-45E7-B5FF-C484C5DD6F5C}.Debug|x86.Build.0 = Debug|x86
		{7CFABEAA-4DA8-45E7-B5FF-C484C5DD6F5C}.DVD-5|Any CPU.ActiveCfg = Debug|Any CPU
		{7CFABEAA-4DA8-45E7-B5FF-C484C5DD6F5C}.DVD-5|Any CPU.Build.0 = Debug|Any CPU
		{7CFABEAA-4DA8-45E7-B5FF-C484C5DD6F5C}.DVD-5|Mixed Platforms.ActiveCfg = Debug|x86
		{7CFABEAA-4DA8-45E7-B5FF-C484C5DD6F5C}.DVD-5|Mixed Platforms.Build.0 = Debug|x86
		{7CFABEAA-4DA8-45E7-B5FF-C484C5DD6F5C}.DVD-5|x64.ActiveCfg = Debug|Any CPU
		{7CFABEAA-4DA8-45E7-B5FF-C484C5DD6F5C}.DVD-5|x86.ActiveCfg = Debug|x86
		{7CFABEAA-4DA8-45E7-B5FF-C484C5DD6F5C}.DVD-5|x86.Build.0 = Debug|x86
		{7CFABEAA-4DA8-45E7-B5FF-C484C5DD6F5C}.Release|Any CPU.ActiveCfg = Release|Any CPU
		{7CFABEAA-4DA8-45E7-B5FF-C484C5DD6F5C}.Release|Any CPU.Build.0 = Release|Any CPU
		{7CFABEAA-4DA8-45E7-B5FF-C484C5DD6F5C}.Release|Mixed Platforms.ActiveCfg = Release|x86
		{7CFABEAA-4DA8-45E7-B5FF-C484C5DD6F5C}.Release|Mixed Platforms.Build.0 = Release|x86
		{7CFABEAA-4DA8-45E7-B5FF-C484C5DD6F5C}.Release|x64.ActiveCfg = Release|x86
		{7CFABEAA-4DA8-45E7-B5FF-C484C5DD6F5C}.Release|x86.ActiveCfg = Release|x86
		{7CFABEAA-4DA8-45E7-B5FF-C484C5DD6F5C}.Release|x86.Build.0 = Release|x86
		{7CFABEAA-4DA8-45E7-B5FF-C484C5DD6F5C}.SingleImage|Any CPU.ActiveCfg = Release|Any CPU
		{7CFABEAA-4DA8-45E7-B5FF-C484C5DD6F5C}.SingleImage|Any CPU.Build.0 = Release|Any CPU
		{7CFABEAA-4DA8-45E7-B5FF-C484C5DD6F5C}.SingleImage|Mixed Platforms.ActiveCfg = Release|x86
		{7CFABEAA-4DA8-45E7-B5FF-C484C5DD6F5C}.SingleImage|Mixed Platforms.Build.0 = Release|x86
		{7CFABEAA-4DA8-45E7-B5FF-C484C5DD6F5C}.SingleImage|x64.ActiveCfg = Release|Any CPU
		{7CFABEAA-4DA8-45E7-B5FF-C484C5DD6F5C}.SingleImage|x86.ActiveCfg = Release|x86
		{7CFABEAA-4DA8-45E7-B5FF-C484C5DD6F5C}.SingleImage|x86.Build.0 = Release|x86
		{AD2F221A-A974-4C5E-A7C3-AEFF1BDC34AC}.CD_ROM|Any CPU.ActiveCfg = Release|Any CPU
		{AD2F221A-A974-4C5E-A7C3-AEFF1BDC34AC}.CD_ROM|Any CPU.Build.0 = Release|Any CPU
		{AD2F221A-A974-4C5E-A7C3-AEFF1BDC34AC}.CD_ROM|Mixed Platforms.ActiveCfg = Release|x86
		{AD2F221A-A974-4C5E-A7C3-AEFF1BDC34AC}.CD_ROM|Mixed Platforms.Build.0 = Release|x86
		{AD2F221A-A974-4C5E-A7C3-AEFF1BDC34AC}.CD_ROM|x64.ActiveCfg = Release|Any CPU
		{AD2F221A-A974-4C5E-A7C3-AEFF1BDC34AC}.CD_ROM|x86.ActiveCfg = Release|x86
		{AD2F221A-A974-4C5E-A7C3-AEFF1BDC34AC}.CD_ROM|x86.Build.0 = Release|x86
		{AD2F221A-A974-4C5E-A7C3-AEFF1BDC34AC}.Debug|Any CPU.ActiveCfg = Debug|Any CPU
		{AD2F221A-A974-4C5E-A7C3-AEFF1BDC34AC}.Debug|Any CPU.Build.0 = Debug|Any CPU
		{AD2F221A-A974-4C5E-A7C3-AEFF1BDC34AC}.Debug|Mixed Platforms.ActiveCfg = Debug|x86
		{AD2F221A-A974-4C5E-A7C3-AEFF1BDC34AC}.Debug|Mixed Platforms.Build.0 = Debug|x86
		{AD2F221A-A974-4C5E-A7C3-AEFF1BDC34AC}.Debug|x64.ActiveCfg = Debug|x86
		{AD2F221A-A974-4C5E-A7C3-AEFF1BDC34AC}.Debug|x86.ActiveCfg = Debug|x86
		{AD2F221A-A974-4C5E-A7C3-AEFF1BDC34AC}.Debug|x86.Build.0 = Debug|x86
		{AD2F221A-A974-4C5E-A7C3-AEFF1BDC34AC}.DVD-5|Any CPU.ActiveCfg = Debug|Any CPU
		{AD2F221A-A974-4C5E-A7C3-AEFF1BDC34AC}.DVD-5|Any CPU.Build.0 = Debug|Any CPU
		{AD2F221A-A974-4C5E-A7C3-AEFF1BDC34AC}.DVD-5|Mixed Platforms.ActiveCfg = Debug|x86
		{AD2F221A-A974-4C5E-A7C3-AEFF1BDC34AC}.DVD-5|Mixed Platforms.Build.0 = Debug|x86
		{AD2F221A-A974-4C5E-A7C3-AEFF1BDC34AC}.DVD-5|x64.ActiveCfg = Debug|Any CPU
		{AD2F221A-A974-4C5E-A7C3-AEFF1BDC34AC}.DVD-5|x86.ActiveCfg = Debug|x86
		{AD2F221A-A974-4C5E-A7C3-AEFF1BDC34AC}.DVD-5|x86.Build.0 = Debug|x86
		{AD2F221A-A974-4C5E-A7C3-AEFF1BDC34AC}.Release|Any CPU.ActiveCfg = Release|Any CPU
		{AD2F221A-A974-4C5E-A7C3-AEFF1BDC34AC}.Release|Any CPU.Build.0 = Release|Any CPU
		{AD2F221A-A974-4C5E-A7C3-AEFF1BDC34AC}.Release|Mixed Platforms.ActiveCfg = Release|x86
		{AD2F221A-A974-4C5E-A7C3-AEFF1BDC34AC}.Release|Mixed Platforms.Build.0 = Release|x86
		{AD2F221A-A974-4C5E-A7C3-AEFF1BDC34AC}.Release|x64.ActiveCfg = Release|x86
		{AD2F221A-A974-4C5E-A7C3-AEFF1BDC34AC}.Release|x86.ActiveCfg = Release|x86
		{AD2F221A-A974-4C5E-A7C3-AEFF1BDC34AC}.Release|x86.Build.0 = Release|x86
		{AD2F221A-A974-4C5E-A7C3-AEFF1BDC34AC}.SingleImage|Any CPU.ActiveCfg = Release|Any CPU
		{AD2F221A-A974-4C5E-A7C3-AEFF1BDC34AC}.SingleImage|Any CPU.Build.0 = Release|Any CPU
		{AD2F221A-A974-4C5E-A7C3-AEFF1BDC34AC}.SingleImage|Mixed Platforms.ActiveCfg = Release|x86
		{AD2F221A-A974-4C5E-A7C3-AEFF1BDC34AC}.SingleImage|Mixed Platforms.Build.0 = Release|x86
		{AD2F221A-A974-4C5E-A7C3-AEFF1BDC34AC}.SingleImage|x64.ActiveCfg = Release|Any CPU
		{AD2F221A-A974-4C5E-A7C3-AEFF1BDC34AC}.SingleImage|x86.ActiveCfg = Release|x86
		{AD2F221A-A974-4C5E-A7C3-AEFF1BDC34AC}.SingleImage|x86.Build.0 = Release|x86
		{5B496C5E-2C93-4931-B8A0-68A16E9DB6A8}.CD_ROM|Any CPU.ActiveCfg = Release|Any CPU
		{5B496C5E-2C93-4931-B8A0-68A16E9DB6A8}.CD_ROM|Any CPU.Build.0 = Release|Any CPU
		{5B496C5E-2C93-4931-B8A0-68A16E9DB6A8}.CD_ROM|Mixed Platforms.ActiveCfg = Release|Any CPU
		{5B496C5E-2C93-4931-B8A0-68A16E9DB6A8}.CD_ROM|Mixed Platforms.Build.0 = Release|Any CPU
		{5B496C5E-2C93-4931-B8A0-68A16E9DB6A8}.CD_ROM|x64.ActiveCfg = Release|Any CPU
		{5B496C5E-2C93-4931-B8A0-68A16E9DB6A8}.CD_ROM|x86.ActiveCfg = Release|Any CPU
		{5B496C5E-2C93-4931-B8A0-68A16E9DB6A8}.Debug|Any CPU.ActiveCfg = Debug|Any CPU
		{5B496C5E-2C93-4931-B8A0-68A16E9DB6A8}.Debug|Any CPU.Build.0 = Debug|Any CPU
		{5B496C5E-2C93-4931-B8A0-68A16E9DB6A8}.Debug|Mixed Platforms.ActiveCfg = Debug|Any CPU
		{5B496C5E-2C93-4931-B8A0-68A16E9DB6A8}.Debug|Mixed Platforms.Build.0 = Debug|Any CPU
		{5B496C5E-2C93-4931-B8A0-68A16E9DB6A8}.Debug|x64.ActiveCfg = Debug|Any CPU
		{5B496C5E-2C93-4931-B8A0-68A16E9DB6A8}.Debug|x86.ActiveCfg = Debug|Any CPU
		{5B496C5E-2C93-4931-B8A0-68A16E9DB6A8}.DVD-5|Any CPU.ActiveCfg = Debug|Any CPU
		{5B496C5E-2C93-4931-B8A0-68A16E9DB6A8}.DVD-5|Any CPU.Build.0 = Debug|Any CPU
		{5B496C5E-2C93-4931-B8A0-68A16E9DB6A8}.DVD-5|Mixed Platforms.ActiveCfg = Debug|Any CPU
		{5B496C5E-2C93-4931-B8A0-68A16E9DB6A8}.DVD-5|Mixed Platforms.Build.0 = Debug|Any CPU
		{5B496C5E-2C93-4931-B8A0-68A16E9DB6A8}.DVD-5|x64.ActiveCfg = Debug|Any CPU
		{5B496C5E-2C93-4931-B8A0-68A16E9DB6A8}.DVD-5|x86.ActiveCfg = Debug|Any CPU
		{5B496C5E-2C93-4931-B8A0-68A16E9DB6A8}.Release|Any CPU.ActiveCfg = Release|Any CPU
		{5B496C5E-2C93-4931-B8A0-68A16E9DB6A8}.Release|Any CPU.Build.0 = Release|Any CPU
		{5B496C5E-2C93-4931-B8A0-68A16E9DB6A8}.Release|Mixed Platforms.ActiveCfg = Release|Any CPU
		{5B496C5E-2C93-4931-B8A0-68A16E9DB6A8}.Release|Mixed Platforms.Build.0 = Release|Any CPU
		{5B496C5E-2C93-4931-B8A0-68A16E9DB6A8}.Release|x64.ActiveCfg = Release|Any CPU
		{5B496C5E-2C93-4931-B8A0-68A16E9DB6A8}.Release|x86.ActiveCfg = Release|Any CPU
		{5B496C5E-2C93-4931-B8A0-68A16E9DB6A8}.SingleImage|Any CPU.ActiveCfg = Release|Any CPU
		{5B496C5E-2C93-4931-B8A0-68A16E9DB6A8}.SingleImage|Any CPU.Build.0 = Release|Any CPU
		{5B496C5E-2C93-4931-B8A0-68A16E9DB6A8}.SingleImage|Mixed Platforms.ActiveCfg = Release|Any CPU
		{5B496C5E-2C93-4931-B8A0-68A16E9DB6A8}.SingleImage|Mixed Platforms.Build.0 = Release|Any CPU
		{5B496C5E-2C93-4931-B8A0-68A16E9DB6A8}.SingleImage|x64.ActiveCfg = Release|Any CPU
		{5B496C5E-2C93-4931-B8A0-68A16E9DB6A8}.SingleImage|x86.ActiveCfg = Release|Any CPU
		{C1AC8F90-27FC-421F-BB86-C92112A069E9}.CD_ROM|Any CPU.ActiveCfg = Release|Any CPU
		{C1AC8F90-27FC-421F-BB86-C92112A069E9}.CD_ROM|Any CPU.Build.0 = Release|Any CPU
		{C1AC8F90-27FC-421F-BB86-C92112A069E9}.CD_ROM|Mixed Platforms.ActiveCfg = Release|x86
		{C1AC8F90-27FC-421F-BB86-C92112A069E9}.CD_ROM|Mixed Platforms.Build.0 = Release|x86
		{C1AC8F90-27FC-421F-BB86-C92112A069E9}.CD_ROM|x64.ActiveCfg = Release|x64
		{C1AC8F90-27FC-421F-BB86-C92112A069E9}.CD_ROM|x64.Build.0 = Release|x64
		{C1AC8F90-27FC-421F-BB86-C92112A069E9}.CD_ROM|x86.ActiveCfg = Release|x86
		{C1AC8F90-27FC-421F-BB86-C92112A069E9}.CD_ROM|x86.Build.0 = Release|x86
		{C1AC8F90-27FC-421F-BB86-C92112A069E9}.Debug|Any CPU.ActiveCfg = Debug|Any CPU
		{C1AC8F90-27FC-421F-BB86-C92112A069E9}.Debug|Any CPU.Build.0 = Debug|Any CPU
		{C1AC8F90-27FC-421F-BB86-C92112A069E9}.Debug|Mixed Platforms.ActiveCfg = Debug|x86
		{C1AC8F90-27FC-421F-BB86-C92112A069E9}.Debug|Mixed Platforms.Build.0 = Debug|x86
		{C1AC8F90-27FC-421F-BB86-C92112A069E9}.Debug|x64.ActiveCfg = Debug|x64
		{C1AC8F90-27FC-421F-BB86-C92112A069E9}.Debug|x64.Build.0 = Debug|x64
		{C1AC8F90-27FC-421F-BB86-C92112A069E9}.Debug|x86.ActiveCfg = Debug|x86
		{C1AC8F90-27FC-421F-BB86-C92112A069E9}.Debug|x86.Build.0 = Debug|x86
		{C1AC8F90-27FC-421F-BB86-C92112A069E9}.DVD-5|Any CPU.ActiveCfg = Debug|Any CPU
		{C1AC8F90-27FC-421F-BB86-C92112A069E9}.DVD-5|Any CPU.Build.0 = Debug|Any CPU
		{C1AC8F90-27FC-421F-BB86-C92112A069E9}.DVD-5|Mixed Platforms.ActiveCfg = Debug|x86
		{C1AC8F90-27FC-421F-BB86-C92112A069E9}.DVD-5|Mixed Platforms.Build.0 = Debug|x86
		{C1AC8F90-27FC-421F-BB86-C92112A069E9}.DVD-5|x64.ActiveCfg = Debug|x64
		{C1AC8F90-27FC-421F-BB86-C92112A069E9}.DVD-5|x64.Build.0 = Debug|x64
		{C1AC8F90-27FC-421F-BB86-C92112A069E9}.DVD-5|x86.ActiveCfg = Debug|x86
		{C1AC8F90-27FC-421F-BB86-C92112A069E9}.DVD-5|x86.Build.0 = Debug|x86
		{C1AC8F90-27FC-421F-BB86-C92112A069E9}.Release|Any CPU.ActiveCfg = Release|Any CPU
		{C1AC8F90-27FC-421F-BB86-C92112A069E9}.Release|Any CPU.Build.0 = Release|Any CPU
		{C1AC8F90-27FC-421F-BB86-C92112A069E9}.Release|Mixed Platforms.ActiveCfg = Release|x86
		{C1AC8F90-27FC-421F-BB86-C92112A069E9}.Release|Mixed Platforms.Build.0 = Release|x86
		{C1AC8F90-27FC-421F-BB86-C92112A069E9}.Release|x64.ActiveCfg = Release|x64
		{C1AC8F90-27FC-421F-BB86-C92112A069E9}.Release|x64.Build.0 = Release|x64
		{C1AC8F90-27FC-421F-BB86-C92112A069E9}.Release|x86.ActiveCfg = Release|x86
		{C1AC8F90-27FC-421F-BB86-C92112A069E9}.Release|x86.Build.0 = Release|x86
		{C1AC8F90-27FC-421F-BB86-C92112A069E9}.SingleImage|Any CPU.ActiveCfg = Release|Any CPU
		{C1AC8F90-27FC-421F-BB86-C92112A069E9}.SingleImage|Any CPU.Build.0 = Release|Any CPU
		{C1AC8F90-27FC-421F-BB86-C92112A069E9}.SingleImage|Mixed Platforms.ActiveCfg = Release|x86
		{C1AC8F90-27FC-421F-BB86-C92112A069E9}.SingleImage|Mixed Platforms.Build.0 = Release|x86
		{C1AC8F90-27FC-421F-BB86-C92112A069E9}.SingleImage|x64.ActiveCfg = Release|x64
		{C1AC8F90-27FC-421F-BB86-C92112A069E9}.SingleImage|x64.Build.0 = Release|x64
		{C1AC8F90-27FC-421F-BB86-C92112A069E9}.SingleImage|x86.ActiveCfg = Release|x86
		{C1AC8F90-27FC-421F-BB86-C92112A069E9}.SingleImage|x86.Build.0 = Release|x86
		{FB3E3111-6381-47EA-96B6-8A9C3FED3D04}.CD_ROM|Any CPU.ActiveCfg = Release|Any CPU
		{FB3E3111-6381-47EA-96B6-8A9C3FED3D04}.CD_ROM|Any CPU.Build.0 = Release|Any CPU
		{FB3E3111-6381-47EA-96B6-8A9C3FED3D04}.CD_ROM|Mixed Platforms.ActiveCfg = Release|Any CPU
		{FB3E3111-6381-47EA-96B6-8A9C3FED3D04}.CD_ROM|Mixed Platforms.Build.0 = Release|Any CPU
		{FB3E3111-6381-47EA-96B6-8A9C3FED3D04}.CD_ROM|x64.ActiveCfg = Release|Any CPU
		{FB3E3111-6381-47EA-96B6-8A9C3FED3D04}.CD_ROM|x86.ActiveCfg = Release|Any CPU
		{FB3E3111-6381-47EA-96B6-8A9C3FED3D04}.Debug|Any CPU.ActiveCfg = Debug|Any CPU
		{FB3E3111-6381-47EA-96B6-8A9C3FED3D04}.Debug|Any CPU.Build.0 = Debug|Any CPU
		{FB3E3111-6381-47EA-96B6-8A9C3FED3D04}.Debug|Mixed Platforms.ActiveCfg = Debug|Any CPU
		{FB3E3111-6381-47EA-96B6-8A9C3FED3D04}.Debug|Mixed Platforms.Build.0 = Debug|Any CPU
		{FB3E3111-6381-47EA-96B6-8A9C3FED3D04}.Debug|x64.ActiveCfg = Debug|Any CPU
		{FB3E3111-6381-47EA-96B6-8A9C3FED3D04}.Debug|x86.ActiveCfg = Debug|Any CPU
		{FB3E3111-6381-47EA-96B6-8A9C3FED3D04}.DVD-5|Any CPU.ActiveCfg = Debug|Any CPU
		{FB3E3111-6381-47EA-96B6-8A9C3FED3D04}.DVD-5|Any CPU.Build.0 = Debug|Any CPU
		{FB3E3111-6381-47EA-96B6-8A9C3FED3D04}.DVD-5|Mixed Platforms.ActiveCfg = Debug|Any CPU
		{FB3E3111-6381-47EA-96B6-8A9C3FED3D04}.DVD-5|Mixed Platforms.Build.0 = Debug|Any CPU
		{FB3E3111-6381-47EA-96B6-8A9C3FED3D04}.DVD-5|x64.ActiveCfg = Debug|Any CPU
		{FB3E3111-6381-47EA-96B6-8A9C3FED3D04}.DVD-5|x86.ActiveCfg = Debug|Any CPU
		{FB3E3111-6381-47EA-96B6-8A9C3FED3D04}.Release|Any CPU.ActiveCfg = Release|Any CPU
		{FB3E3111-6381-47EA-96B6-8A9C3FED3D04}.Release|Any CPU.Build.0 = Release|Any CPU
		{FB3E3111-6381-47EA-96B6-8A9C3FED3D04}.Release|Mixed Platforms.ActiveCfg = Release|Any CPU
		{FB3E3111-6381-47EA-96B6-8A9C3FED3D04}.Release|Mixed Platforms.Build.0 = Release|Any CPU
		{FB3E3111-6381-47EA-96B6-8A9C3FED3D04}.Release|x64.ActiveCfg = Release|Any CPU
		{FB3E3111-6381-47EA-96B6-8A9C3FED3D04}.Release|x86.ActiveCfg = Release|Any CPU
		{FB3E3111-6381-47EA-96B6-8A9C3FED3D04}.SingleImage|Any CPU.ActiveCfg = Release|Any CPU
		{FB3E3111-6381-47EA-96B6-8A9C3FED3D04}.SingleImage|Any CPU.Build.0 = Release|Any CPU
		{FB3E3111-6381-47EA-96B6-8A9C3FED3D04}.SingleImage|Mixed Platforms.ActiveCfg = Release|Any CPU
		{FB3E3111-6381-47EA-96B6-8A9C3FED3D04}.SingleImage|Mixed Platforms.Build.0 = Release|Any CPU
		{FB3E3111-6381-47EA-96B6-8A9C3FED3D04}.SingleImage|x64.ActiveCfg = Release|Any CPU
		{FB3E3111-6381-47EA-96B6-8A9C3FED3D04}.SingleImage|x86.ActiveCfg = Release|Any CPU
		{AFE6602E-B665-49FB-8A5E-E363D11E58A2}.CD_ROM|Any CPU.ActiveCfg = Release|Any CPU
		{AFE6602E-B665-49FB-8A5E-E363D11E58A2}.CD_ROM|Any CPU.Build.0 = Release|Any CPU
		{AFE6602E-B665-49FB-8A5E-E363D11E58A2}.CD_ROM|Mixed Platforms.ActiveCfg = Release|Any CPU
		{AFE6602E-B665-49FB-8A5E-E363D11E58A2}.CD_ROM|Mixed Platforms.Build.0 = Release|Any CPU
		{AFE6602E-B665-49FB-8A5E-E363D11E58A2}.CD_ROM|x64.ActiveCfg = Release|Any CPU
		{AFE6602E-B665-49FB-8A5E-E363D11E58A2}.CD_ROM|x86.ActiveCfg = Release|Any CPU
		{AFE6602E-B665-49FB-8A5E-E363D11E58A2}.Debug|Any CPU.ActiveCfg = Debug|Any CPU
		{AFE6602E-B665-49FB-8A5E-E363D11E58A2}.Debug|Any CPU.Build.0 = Debug|Any CPU
		{AFE6602E-B665-49FB-8A5E-E363D11E58A2}.Debug|Mixed Platforms.ActiveCfg = Debug|Any CPU
		{AFE6602E-B665-49FB-8A5E-E363D11E58A2}.Debug|Mixed Platforms.Build.0 = Debug|Any CPU
		{AFE6602E-B665-49FB-8A5E-E363D11E58A2}.Debug|x64.ActiveCfg = Debug|Any CPU
		{AFE6602E-B665-49FB-8A5E-E363D11E58A2}.Debug|x86.ActiveCfg = Debug|Any CPU
		{AFE6602E-B665-49FB-8A5E-E363D11E58A2}.DVD-5|Any CPU.ActiveCfg = Debug|Any CPU
		{AFE6602E-B665-49FB-8A5E-E363D11E58A2}.DVD-5|Any CPU.Build.0 = Debug|Any CPU
		{AFE6602E-B665-49FB-8A5E-E363D11E58A2}.DVD-5|Mixed Platforms.ActiveCfg = Debug|Any CPU
		{AFE6602E-B665-49FB-8A5E-E363D11E58A2}.DVD-5|Mixed Platforms.Build.0 = Debug|Any CPU
		{AFE6602E-B665-49FB-8A5E-E363D11E58A2}.DVD-5|x64.ActiveCfg = Debug|Any CPU
		{AFE6602E-B665-49FB-8A5E-E363D11E58A2}.DVD-5|x86.ActiveCfg = Debug|Any CPU
		{AFE6602E-B665-49FB-8A5E-E363D11E58A2}.Release|Any CPU.ActiveCfg = Release|Any CPU
		{AFE6602E-B665-49FB-8A5E-E363D11E58A2}.Release|Any CPU.Build.0 = Release|Any CPU
		{AFE6602E-B665-49FB-8A5E-E363D11E58A2}.Release|Mixed Platforms.ActiveCfg = Release|Any CPU
		{AFE6602E-B665-49FB-8A5E-E363D11E58A2}.Release|Mixed Platforms.Build.0 = Release|Any CPU
		{AFE6602E-B665-49FB-8A5E-E363D11E58A2}.Release|x64.ActiveCfg = Release|Any CPU
		{AFE6602E-B665-49FB-8A5E-E363D11E58A2}.Release|x86.ActiveCfg = Release|Any CPU
		{AFE6602E-B665-49FB-8A5E-E363D11E58A2}.SingleImage|Any CPU.ActiveCfg = Release|Any CPU
		{AFE6602E-B665-49FB-8A5E-E363D11E58A2}.SingleImage|Any CPU.Build.0 = Release|Any CPU
		{AFE6602E-B665-49FB-8A5E-E363D11E58A2}.SingleImage|Mixed Platforms.ActiveCfg = Release|Any CPU
		{AFE6602E-B665-49FB-8A5E-E363D11E58A2}.SingleImage|Mixed Platforms.Build.0 = Release|Any CPU
		{AFE6602E-B665-49FB-8A5E-E363D11E58A2}.SingleImage|x64.ActiveCfg = Release|Any CPU
		{AFE6602E-B665-49FB-8A5E-E363D11E58A2}.SingleImage|x86.ActiveCfg = Release|Any CPU
		{6113E008-0CD7-4E4F-82C0-8DE041FF3359}.CD_ROM|Any CPU.ActiveCfg = Release|Any CPU
		{6113E008-0CD7-4E4F-82C0-8DE041FF3359}.CD_ROM|Any CPU.Build.0 = Release|Any CPU
		{6113E008-0CD7-4E4F-82C0-8DE041FF3359}.CD_ROM|Mixed Platforms.ActiveCfg = Release|Any CPU
		{6113E008-0CD7-4E4F-82C0-8DE041FF3359}.CD_ROM|Mixed Platforms.Build.0 = Release|Any CPU
		{6113E008-0CD7-4E4F-82C0-8DE041FF3359}.CD_ROM|x64.ActiveCfg = Release|Any CPU
		{6113E008-0CD7-4E4F-82C0-8DE041FF3359}.CD_ROM|x64.Build.0 = Release|Any CPU
		{6113E008-0CD7-4E4F-82C0-8DE041FF3359}.CD_ROM|x86.ActiveCfg = Release|Any CPU
		{6113E008-0CD7-4E4F-82C0-8DE041FF3359}.CD_ROM|x86.Build.0 = Release|Any CPU
		{6113E008-0CD7-4E4F-82C0-8DE041FF3359}.Debug|Any CPU.ActiveCfg = Debug|Any CPU
		{6113E008-0CD7-4E4F-82C0-8DE041FF3359}.Debug|Any CPU.Build.0 = Debug|Any CPU
		{6113E008-0CD7-4E4F-82C0-8DE041FF3359}.Debug|Mixed Platforms.ActiveCfg = Debug|Any CPU
		{6113E008-0CD7-4E4F-82C0-8DE041FF3359}.Debug|Mixed Platforms.Build.0 = Debug|Any CPU
		{6113E008-0CD7-4E4F-82C0-8DE041FF3359}.Debug|x64.ActiveCfg = Debug|Any CPU
		{6113E008-0CD7-4E4F-82C0-8DE041FF3359}.Debug|x64.Build.0 = Debug|Any CPU
		{6113E008-0CD7-4E4F-82C0-8DE041FF3359}.Debug|x86.ActiveCfg = Debug|Any CPU
		{6113E008-0CD7-4E4F-82C0-8DE041FF3359}.Debug|x86.Build.0 = Debug|Any CPU
		{6113E008-0CD7-4E4F-82C0-8DE041FF3359}.DVD-5|Any CPU.ActiveCfg = Debug|Any CPU
		{6113E008-0CD7-4E4F-82C0-8DE041FF3359}.DVD-5|Any CPU.Build.0 = Debug|Any CPU
		{6113E008-0CD7-4E4F-82C0-8DE041FF3359}.DVD-5|Mixed Platforms.ActiveCfg = Debug|Any CPU
		{6113E008-0CD7-4E4F-82C0-8DE041FF3359}.DVD-5|Mixed Platforms.Build.0 = Debug|Any CPU
		{6113E008-0CD7-4E4F-82C0-8DE041FF3359}.DVD-5|x64.ActiveCfg = Debug|Any CPU
		{6113E008-0CD7-4E4F-82C0-8DE041FF3359}.DVD-5|x64.Build.0 = Debug|Any CPU
		{6113E008-0CD7-4E4F-82C0-8DE041FF3359}.DVD-5|x86.ActiveCfg = Debug|Any CPU
		{6113E008-0CD7-4E4F-82C0-8DE041FF3359}.DVD-5|x86.Build.0 = Debug|Any CPU
		{6113E008-0CD7-4E4F-82C0-8DE041FF3359}.Release|Any CPU.ActiveCfg = Release|Any CPU
		{6113E008-0CD7-4E4F-82C0-8DE041FF3359}.Release|Any CPU.Build.0 = Release|Any CPU
		{6113E008-0CD7-4E4F-82C0-8DE041FF3359}.Release|Mixed Platforms.ActiveCfg = Release|Any CPU
		{6113E008-0CD7-4E4F-82C0-8DE041FF3359}.Release|Mixed Platforms.Build.0 = Release|Any CPU
		{6113E008-0CD7-4E4F-82C0-8DE041FF3359}.Release|x64.ActiveCfg = Release|Any CPU
		{6113E008-0CD7-4E4F-82C0-8DE041FF3359}.Release|x64.Build.0 = Release|Any CPU
		{6113E008-0CD7-4E4F-82C0-8DE041FF3359}.Release|x86.ActiveCfg = Release|Any CPU
		{6113E008-0CD7-4E4F-82C0-8DE041FF3359}.Release|x86.Build.0 = Release|Any CPU
		{6113E008-0CD7-4E4F-82C0-8DE041FF3359}.SingleImage|Any CPU.ActiveCfg = Release|Any CPU
		{6113E008-0CD7-4E4F-82C0-8DE041FF3359}.SingleImage|Any CPU.Build.0 = Release|Any CPU
		{6113E008-0CD7-4E4F-82C0-8DE041FF3359}.SingleImage|Mixed Platforms.ActiveCfg = Release|Any CPU
		{6113E008-0CD7-4E4F-82C0-8DE041FF3359}.SingleImage|Mixed Platforms.Build.0 = Release|Any CPU
		{6113E008-0CD7-4E4F-82C0-8DE041FF3359}.SingleImage|x64.ActiveCfg = Release|Any CPU
		{6113E008-0CD7-4E4F-82C0-8DE041FF3359}.SingleImage|x64.Build.0 = Release|Any CPU
		{6113E008-0CD7-4E4F-82C0-8DE041FF3359}.SingleImage|x86.ActiveCfg = Release|Any CPU
		{6113E008-0CD7-4E4F-82C0-8DE041FF3359}.SingleImage|x86.Build.0 = Release|Any CPU
		{FB5992B8-6692-415D-8D0E-DE321C15F6A1}.CD_ROM|Any CPU.ActiveCfg = Release
		{FB5992B8-6692-415D-8D0E-DE321C15F6A1}.CD_ROM|Mixed Platforms.ActiveCfg = Release
		{FB5992B8-6692-415D-8D0E-DE321C15F6A1}.CD_ROM|x64.ActiveCfg = Release
		{FB5992B8-6692-415D-8D0E-DE321C15F6A1}.CD_ROM|x86.ActiveCfg = Release
		{FB5992B8-6692-415D-8D0E-DE321C15F6A1}.Debug|Any CPU.ActiveCfg = Debug
		{FB5992B8-6692-415D-8D0E-DE321C15F6A1}.Debug|Mixed Platforms.ActiveCfg = Debug
		{FB5992B8-6692-415D-8D0E-DE321C15F6A1}.Debug|x64.ActiveCfg = Debug
		{FB5992B8-6692-415D-8D0E-DE321C15F6A1}.Debug|x86.ActiveCfg = Debug
		{FB5992B8-6692-415D-8D0E-DE321C15F6A1}.DVD-5|Any CPU.ActiveCfg = Debug
		{FB5992B8-6692-415D-8D0E-DE321C15F6A1}.DVD-5|Mixed Platforms.ActiveCfg = Debug
		{FB5992B8-6692-415D-8D0E-DE321C15F6A1}.DVD-5|x64.ActiveCfg = Debug
		{FB5992B8-6692-415D-8D0E-DE321C15F6A1}.DVD-5|x86.ActiveCfg = Debug
		{FB5992B8-6692-415D-8D0E-DE321C15F6A1}.Release|Any CPU.ActiveCfg = Release
		{FB5992B8-6692-415D-8D0E-DE321C15F6A1}.Release|Mixed Platforms.ActiveCfg = Release
		{FB5992B8-6692-415D-8D0E-DE321C15F6A1}.Release|x64.ActiveCfg = Release
		{FB5992B8-6692-415D-8D0E-DE321C15F6A1}.Release|x86.ActiveCfg = Release
		{FB5992B8-6692-415D-8D0E-DE321C15F6A1}.SingleImage|Any CPU.ActiveCfg = Release
		{FB5992B8-6692-415D-8D0E-DE321C15F6A1}.SingleImage|Mixed Platforms.ActiveCfg = Release
		{FB5992B8-6692-415D-8D0E-DE321C15F6A1}.SingleImage|x64.ActiveCfg = Release
		{FB5992B8-6692-415D-8D0E-DE321C15F6A1}.SingleImage|x86.ActiveCfg = Release
		{B5CD12C0-2994-4F52-9CD0-C1C0635117F0}.CD_ROM|Any CPU.ActiveCfg = Release
		{B5CD12C0-2994-4F52-9CD0-C1C0635117F0}.CD_ROM|Mixed Platforms.ActiveCfg = Release
		{B5CD12C0-2994-4F52-9CD0-C1C0635117F0}.CD_ROM|x64.ActiveCfg = Release
		{B5CD12C0-2994-4F52-9CD0-C1C0635117F0}.CD_ROM|x86.ActiveCfg = Release
		{B5CD12C0-2994-4F52-9CD0-C1C0635117F0}.Debug|Any CPU.ActiveCfg = Debug
		{B5CD12C0-2994-4F52-9CD0-C1C0635117F0}.Debug|Mixed Platforms.ActiveCfg = Debug
		{B5CD12C0-2994-4F52-9CD0-C1C0635117F0}.Debug|x64.ActiveCfg = Debug
		{B5CD12C0-2994-4F52-9CD0-C1C0635117F0}.Debug|x86.ActiveCfg = Debug
		{B5CD12C0-2994-4F52-9CD0-C1C0635117F0}.DVD-5|Any CPU.ActiveCfg = Debug
		{B5CD12C0-2994-4F52-9CD0-C1C0635117F0}.DVD-5|Mixed Platforms.ActiveCfg = Debug
		{B5CD12C0-2994-4F52-9CD0-C1C0635117F0}.DVD-5|x64.ActiveCfg = Debug
		{B5CD12C0-2994-4F52-9CD0-C1C0635117F0}.DVD-5|x86.ActiveCfg = Debug
		{B5CD12C0-2994-4F52-9CD0-C1C0635117F0}.Release|Any CPU.ActiveCfg = Release
		{B5CD12C0-2994-4F52-9CD0-C1C0635117F0}.Release|Mixed Platforms.ActiveCfg = Release
		{B5CD12C0-2994-4F52-9CD0-C1C0635117F0}.Release|x64.ActiveCfg = Release
		{B5CD12C0-2994-4F52-9CD0-C1C0635117F0}.Release|x86.ActiveCfg = Release
		{B5CD12C0-2994-4F52-9CD0-C1C0635117F0}.SingleImage|Any CPU.ActiveCfg = Release
		{B5CD12C0-2994-4F52-9CD0-C1C0635117F0}.SingleImage|Mixed Platforms.ActiveCfg = Release
		{B5CD12C0-2994-4F52-9CD0-C1C0635117F0}.SingleImage|x64.ActiveCfg = Release
		{B5CD12C0-2994-4F52-9CD0-C1C0635117F0}.SingleImage|x86.ActiveCfg = Release
		{64201DEC-3E19-4A7E-9980-0127EBAFD8CE}.CD_ROM|Any CPU.ActiveCfg = Debug
		{64201DEC-3E19-4A7E-9980-0127EBAFD8CE}.CD_ROM|Mixed Platforms.ActiveCfg = Debug
		{64201DEC-3E19-4A7E-9980-0127EBAFD8CE}.CD_ROM|x64.ActiveCfg = Debug
		{64201DEC-3E19-4A7E-9980-0127EBAFD8CE}.CD_ROM|x86.ActiveCfg = Debug
		{64201DEC-3E19-4A7E-9980-0127EBAFD8CE}.Debug|Any CPU.ActiveCfg = Debug
		{64201DEC-3E19-4A7E-9980-0127EBAFD8CE}.Debug|Mixed Platforms.ActiveCfg = Debug
		{64201DEC-3E19-4A7E-9980-0127EBAFD8CE}.Debug|x64.ActiveCfg = Debug
		{64201DEC-3E19-4A7E-9980-0127EBAFD8CE}.Debug|x86.ActiveCfg = Debug
		{64201DEC-3E19-4A7E-9980-0127EBAFD8CE}.DVD-5|Any CPU.ActiveCfg = Debug
		{64201DEC-3E19-4A7E-9980-0127EBAFD8CE}.DVD-5|Mixed Platforms.ActiveCfg = Debug
		{64201DEC-3E19-4A7E-9980-0127EBAFD8CE}.DVD-5|x64.ActiveCfg = Debug
		{64201DEC-3E19-4A7E-9980-0127EBAFD8CE}.DVD-5|x86.ActiveCfg = Debug
		{64201DEC-3E19-4A7E-9980-0127EBAFD8CE}.Release|Any CPU.ActiveCfg = Release
		{64201DEC-3E19-4A7E-9980-0127EBAFD8CE}.Release|Mixed Platforms.ActiveCfg = Release
		{64201DEC-3E19-4A7E-9980-0127EBAFD8CE}.Release|x64.ActiveCfg = Release
		{64201DEC-3E19-4A7E-9980-0127EBAFD8CE}.Release|x86.ActiveCfg = Release
		{64201DEC-3E19-4A7E-9980-0127EBAFD8CE}.SingleImage|Any CPU.ActiveCfg = Debug
		{64201DEC-3E19-4A7E-9980-0127EBAFD8CE}.SingleImage|Mixed Platforms.ActiveCfg = Debug
		{64201DEC-3E19-4A7E-9980-0127EBAFD8CE}.SingleImage|x64.ActiveCfg = Debug
		{64201DEC-3E19-4A7E-9980-0127EBAFD8CE}.SingleImage|x86.ActiveCfg = Debug
		{D5B262D5-56B7-4F21-8D59-1C4633170301}.CD_ROM|Any CPU.ActiveCfg = Debug
		{D5B262D5-56B7-4F21-8D59-1C4633170301}.CD_ROM|Mixed Platforms.ActiveCfg = Debug
		{D5B262D5-56B7-4F21-8D59-1C4633170301}.CD_ROM|x64.ActiveCfg = Debug
		{D5B262D5-56B7-4F21-8D59-1C4633170301}.CD_ROM|x86.ActiveCfg = Debug
		{D5B262D5-56B7-4F21-8D59-1C4633170301}.Debug|Any CPU.ActiveCfg = Debug
		{D5B262D5-56B7-4F21-8D59-1C4633170301}.Debug|Mixed Platforms.ActiveCfg = Debug
		{D5B262D5-56B7-4F21-8D59-1C4633170301}.Debug|x64.ActiveCfg = Debug
		{D5B262D5-56B7-4F21-8D59-1C4633170301}.Debug|x86.ActiveCfg = Debug
		{D5B262D5-56B7-4F21-8D59-1C4633170301}.DVD-5|Any CPU.ActiveCfg = Debug
		{D5B262D5-56B7-4F21-8D59-1C4633170301}.DVD-5|Mixed Platforms.ActiveCfg = Debug
		{D5B262D5-56B7-4F21-8D59-1C4633170301}.DVD-5|x64.ActiveCfg = Debug
		{D5B262D5-56B7-4F21-8D59-1C4633170301}.DVD-5|x86.ActiveCfg = Debug
		{D5B262D5-56B7-4F21-8D59-1C4633170301}.Release|Any CPU.ActiveCfg = Release
		{D5B262D5-56B7-4F21-8D59-1C4633170301}.Release|Mixed Platforms.ActiveCfg = Release
		{D5B262D5-56B7-4F21-8D59-1C4633170301}.Release|x64.ActiveCfg = Release
		{D5B262D5-56B7-4F21-8D59-1C4633170301}.Release|x86.ActiveCfg = Release
		{D5B262D5-56B7-4F21-8D59-1C4633170301}.SingleImage|Any CPU.ActiveCfg = Debug
		{D5B262D5-56B7-4F21-8D59-1C4633170301}.SingleImage|Mixed Platforms.ActiveCfg = Debug
		{D5B262D5-56B7-4F21-8D59-1C4633170301}.SingleImage|x64.ActiveCfg = Debug
		{D5B262D5-56B7-4F21-8D59-1C4633170301}.SingleImage|x86.ActiveCfg = Debug
	EndGlobalSection
	GlobalSection(SolutionProperties) = preSolution
		HideSolutionNode = FALSE
	EndGlobalSection
	GlobalSection(ExtensibilityGlobals) = postSolution
		SolutionGuid = {DE6848B2-FFD3-4A9C-8618-35535EAAD17F}
	EndGlobalSection
EndGlobal
